
Microsoft Visual Studio Solution File, Format Version 12.00
# Visual Studio Version 16
VisualStudioVersion = 16.0.32802.440
MinimumVisualStudioVersion = 10.0.40219.1
Project("{FAE04EC0-301F-11D3-BF4B-00C04F79EFBC}") = "DBFirstEF", "DBFirstEF\DBFirstEF.csproj", "{7F3600F2-7544-4638-91D1-BC68DBB06B99}"
EndProject
Global
	GlobalSection(SolutionConfigurationPlatforms) = preSolution
		Debug|Any CPU = Debug|Any CPU
		Release|Any CPU = Release|Any CPU
	EndGlobalSection
	GlobalSection(ProjectConfigurationPlatforms) = postSolution
		{7F3600F2-7544-4638-91D1-BC68DBB06B99}.Debug|Any CPU.ActiveCfg = Debug|Any CPU
		{7F3600F2-7544-4638-91D1-BC68DBB06B99}.Debug|Any CPU.Build.0 = Debug|Any CPU
		{7F3600F2-7544-4638-91D1-BC68DBB06B99}.Release|Any CPU.ActiveCfg = Release|Any CPU
		{7F3600F2-7544-4638-91D1-BC68DBB06B99}.Release|Any CPU.Build.0 = Release|Any CPU
	EndGlobalSection
	GlobalSection(SolutionProperties) = preSolution
		HideSolutionNode = FALSE
	EndGlobalSection
	GlobalSection(ExtensibilityGlobals) = postSolution
		SolutionGuid = {DF5375F7-546A-47BB-BBCC-934D06478AFE}
	EndGlobalSection
EndGlobal
